schema: '2.0'
stages:
  prepare:
    cmd: python3 src/data/make_dataset.py ./data/raw/
    deps:
    - path: data/raw/winequality-red.csv
      md5: 6a883fd98624e18c0b7ce251f4fab4fb
      size: 100951
    - path: src/data/make_dataset.py
      md5: 5489065bbc9b2d693064bd80bbaca600
      size: 1195
  train:
    cmd:
    - python3 src/models/train_model.py
    - dvc plots show
    deps:
    - path: src/models/train_model.py
      md5: 2617aa0673666600186bf4f104bd3e2d
      size: 1866
    outs:
    - path: models/model.h5
      md5: 63e289948b065109a19d89f33b66001d
      size: 395550
    - path: reports/metrics.json
      md5: 6453d65f0f4bb007cfdbdf170f27b5a5
      size: 81
    - path: reports/metrics.png
      md5: f5552d97693fac7d4e8de7953471dfbc
      size: 14987
  predict:
    cmd: python3 src/models/predict_model.py
    deps:
    - path: src/models/predict_model.py
      md5: 6a467fa8ee9529420648987190c89917
      size: 943
